
Microsoft Visual Studio Solution File, Format Version 12.00
# Visual Studio Version 17
VisualStudioVersion = 17.10.35027.167
MinimumVisualStudioVersion = 10.0.40219.1
Project("{FAE04EC0-301F-11D3-BF4B-00C04F79EFBC}") = "GlobPattern", "GlobPattern\GlobPattern.csproj", "{DCA69901-9A7F-4442-AC12-063705F8E6B2}"
EndProject
Project("{FAE04EC0-301F-11D3-BF4B-00C04F79EFBC}") = "UnitTestProjectGlobPattern", "UnitTestProjectGlobPattern\UnitTestProjectGlobPattern.csproj", "{3E4EF5F9-A64E-4B33-A8B5-BA2BA34CA549}"
EndProject
Global
	GlobalSection(SolutionConfigurationPlatforms) = preSolution
		Debug|Any CPU = Debug|Any CPU
		Release|Any CPU = Release|Any CPU
	EndGlobalSection
	GlobalSection(ProjectConfigurationPlatforms) = postSolution
		{DCA69901-9A7F-4442-AC12-063705F8E6B2}.Debug|Any CPU.ActiveCfg = Debug|Any CPU
		{DCA69901-9A7F-4442-AC12-063705F8E6B2}.Debug|Any CPU.Build.0 = Debug|Any CPU
		{DCA69901-9A7F-4442-AC12-063705F8E6B2}.Release|Any CPU.ActiveCfg = Release|Any CPU
		{DCA69901-9A7F-4442-AC12-063705F8E6B2}.Release|Any CPU.Build.0 = Release|Any CPU
		{3E4EF5F9-A64E-4B33-A8B5-BA2BA34CA549}.Debug|Any CPU.ActiveCfg = Debug|Any CPU
		{3E4EF5F9-A64E-4B33-A8B5-BA2BA34CA549}.Debug|Any CPU.Build.0 = Debug|Any CPU
		{3E4EF5F9-A64E-4B33-A8B5-BA2BA34CA549}.Release|Any CPU.ActiveCfg = Release|Any CPU
		{3E4EF5F9-A64E-4B33-A8B5-BA2BA34CA549}.Release|Any CPU.Build.0 = Release|Any CPU
	EndGlobalSection
	GlobalSection(SolutionProperties) = preSolution
		HideSolutionNode = FALSE
	EndGlobalSection
	GlobalSection(ExtensibilityGlobals) = postSolution
		SolutionGuid = {F273545A-E34E-4488-8B9E-14E836E66390}
	EndGlobalSection
EndGlobal
